github.com/gorilla/mux v1.8.0 h1:i40aqfkR1h2SlN9hojwV5ZA91wcXFOvkdNIeFDP5koI=
github.com/gorilla/mux v1.8.0/go.mod h1:DVbg23sWSpFRCP0SfiEN6jmj59UnW/n46BH5rLB71So=
gopkg.in/ini.v1 v1.63.2 h1:tGK/CyBg7SMzb60vP1M03vNZ3VDu3wGQJwn7Sxi9r3c=
gopkg.in/ini.v1 v1.63.2/go.mod h1:pNLf8WUiyNEtQjuu5G5vTm06TEv9tsIgeAvK8hOrP4k=
